
Microsoft Visual Studio Solution File, Format Version 12.00
# Visual Studio Version 17
VisualStudioVersion = 17.8.34316.72
MinimumVisualStudioVersion = 10.0.40219.1
Project("{FAE04EC0-301F-11D3-BF4B-00C04F79EFBC}") = "task3", "task3\task3.csproj", "{EC72BC59-484F-46A7-B156-C8BD70B79077}"
EndProject
Global
	GlobalSection(SolutionConfigurationPlatforms) = preSolution
		Debug|Any CPU = Debug|Any CPU
		Release|Any CPU = Release|Any CPU
	EndGlobalSection
	GlobalSection(ProjectConfigurationPlatforms) = postSolution
		{EC72BC59-484F-46A7-B156-C8BD70B79077}.Debug|Any CPU.ActiveCfg = Debug|Any CPU
		{EC72BC59-484F-46A7-B156-C8BD70B79077}.Debug|Any CPU.Build.0 = Debug|Any CPU
		{EC72BC59-484F-46A7-B156-C8BD70B79077}.Release|Any CPU.ActiveCfg = Release|Any CPU
		{EC72BC59-484F-46A7-B156-C8BD70B79077}.Release|Any CPU.Build.0 = Release|Any CPU
	EndGlobalSection
	GlobalSection(SolutionProperties) = preSolution
		HideSolutionNode = FALSE
	EndGlobalSection
	GlobalSection(ExtensibilityGlobals) = postSolution
		SolutionGuid = {AAC7249C-76EE-4A02-BE62-9979239543DD}
	EndGlobalSection
EndGlobal
